
Microsoft Visual Studio Solution File, Format Version 12.00
Project("{FAE04EC0-301F-11D3-BF4B-00C04F79EFBC}") = "PsychologicalAssistantBot", "PsychologicalAssistantBot\PsychologicalAssistantBot.csproj", "{019EB82E-C9AC-4EE2-958E-CC6BC9D76645}"
EndProject
Global
	GlobalSection(SolutionConfigurationPlatforms) = preSolution
		Debug|Any CPU = Debug|Any CPU
		Release|Any CPU = Release|Any CPU
	EndGlobalSection
	GlobalSection(ProjectConfigurationPlatforms) = postSolution
		{019EB82E-C9AC-4EE2-958E-CC6BC9D76645}.Debug|Any CPU.ActiveCfg = Debug|Any CPU
		{019EB82E-C9AC-4EE2-958E-CC6BC9D76645}.Debug|Any CPU.Build.0 = Debug|Any CPU
		{019EB82E-C9AC-4EE2-958E-CC6BC9D76645}.Release|Any CPU.ActiveCfg = Release|Any CPU
		{019EB82E-C9AC-4EE2-958E-CC6BC9D76645}.Release|Any CPU.Build.0 = Release|Any CPU
	EndGlobalSection
EndGlobal
